// !$*UTF8*$!
{
	archiveVersion = 1;
	classes = {
	};
	objectVersion = 50;
	objects = {

/* Begin PBXBuildFile section */
		6567998A2451253E00D21976 /* AppDelegate.swift in Sources */ = {isa = PBXBuildFile; fileRef = 656799892451253E00D21976 /* AppDelegate.swift */; };
		6567998C2451253E00D21976 /* ViewController.swift in Sources */ = {isa = PBXBuildFile; fileRef = 6567998B2451253E00D21976 /* ViewController.swift */; };
		6567998F2451253E00D21976 /* Main.storyboard in Resources */ = {isa = PBXBuildFile; fileRef = 6567998D2451253E00D21976 /* Main.storyboard */; };
		656799912451254000D21976 /* Assets.xcassets in Resources */ = {isa = PBXBuildFile; fileRef = 656799902451254000D21976 /* Assets.xcassets */; };
		656799942451254000D21976 /* LaunchScreen.storyboard in Resources */ = {isa = PBXBuildFile; fileRef = 656799922451254000D21976 /* LaunchScreen.storyboard */; };
		65F1A8F0245A493500CDCD4D /* CadastrarController.swift in Sources */ = {isa = PBXBuildFile; fileRef = 65F1A8EF245A493500CDCD4D /* CadastrarController.swift */; };
		65F1A8F2245A4CAB00CDCD4D /* ListarController.swift in Sources */ = {isa = PBXBuildFile; fileRef = 65F1A8F1245A4CAB00CDCD4D /* ListarController.swift */; };
/* End PBXBuildFile section */

/* Begin PBXContainerItemProxy section */
		6567999B2451254000D21976 /* PBXContainerItemProxy */ = {
			isa = PBXContainerItemProxy;
			containerPortal = 6567997E2451253E00D21976 /* Project object */;
			proxyType = 1;
			remoteGlobalIDString = 656799852451253E00D21976;
			remoteInfo = A7;
		};
		656799A62451254000D21976 /* PBXContainerItemProxy */ = {
			isa = PBXContainerItemProxy;
			containerPortal = 6567997E2451253E00D21976 /* Project object */;
			proxyType = 1;
			remoteGlobalIDString = 656799852451253E00D21976;
			remoteInfo = A7;
		};
/* End PBXContainerItemProxy section */

/* Begin PBXFileReference section */
		656799862451253E00D21976 /* a9.app */ = {isa = PBXFileReference; explicitFileType = wrapper.application; includeInIndex = 0; path = a9.app; sourceTree = BUILT_PRODUCTS_DIR; };
		656799892451253E00D21976 /* AppDelegate.swift */ = {isa = PBXFileReference; lastKnownFileType = sourcecode.swift; path = AppDelegate.swift; sourceTree = "<group>"; };
		6567998B2451253E00D21976 /* ViewController.swift */ = {isa = PBXFileReference; lastKnownFileType = sourcecode.swift; path = ViewController.swift; sourceTree = "<group>"; };
		6567998E2451253E00D21976 /* Base */ = {isa = PBXFileReference; lastKnownFileType = file.storyboard; name = Base; path = Base.lproj/Main.storyboard; sourceTree = "<group>"; };
		656799902451254000D21976 /* Assets.xcassets */ = {isa = PBXFileReference; lastKnownFileType = folder.assetcatalog; path = Assets.xcassets; sourceTree = "<group>"; };
		656799932451254000D21976 /* Base */ = {isa = PBXFileReference; lastKnownFileType = file.storyboard; name = Base; path = Base.lproj/LaunchScreen.storyboard; sourceTree = "<group>"; };
		656799952451254000D21976 /* Info.plist */ = {isa = PBXFileReference; lastKnownFileType = text.plist.xml; path = Info.plist; sourceTree = "<group>"; };
		6567999A2451254000D21976 /* a9Tests.xctest */ = {isa = PBXFileReference; explicitFileType = wrapper.cfbundle; includeInIndex = 0; path = a9Tests.xctest; sourceTree = BUILT_PRODUCTS_DIR; };
		656799A52451254000D21976 /* a9UITests.xctest */ = {isa = PBXFileReference; explicitFileType = wrapper.cfbundle; includeInIndex = 0; path = a9UITests.xctest; sourceTree = BUILT_PRODUCTS_DIR; };
		65F1A8EF245A493500CDCD4D /* CadastrarController.swift */ = {isa = PBXFileReference; lastKnownFileType = sourcecode.swift; path = CadastrarController.swift; sourceTree = "<group>"; };
		65F1A8F1245A4CAB00CDCD4D /* ListarController.swift */ = {isa = PBXFileReference; lastKnownFileType = sourcecode.swift; path = ListarController.swift; sourceTree = "<group>"; };
/* End PBXFileReference section */

/* Begin PBXFrameworksBuildPhase section */
		656799832451253E00D21976 /* Frameworks */ = {
			isa = PBXFrameworksBuildPhase;
			buildActionMask = 2147483647;
			files = (
			);
			runOnlyForDeploymentPostprocessing = 0;
		};
		656799972451254000D21976 /* Frameworks */ = {
			isa = PBXFrameworksBuildPhase;
			buildActionMask = 2147483647;
			files = (
			);
			runOnlyForDeploymentPostprocessing = 0;
		};
		656799A22451254000D21976 /* Frameworks */ = {
			isa = PBXFrameworksBuildPhase;
			buildActionMask = 2147483647;
			files = (
			);
			runOnlyForDeploymentPostprocessing = 0;
		};
/* End PBXFrameworksBuildPhase section */

/* Begin PBXGroup section */
		6567997D2451253E00D21976 = {
			isa = PBXGroup;
			children = (
				656799882451253E00D21976 /* a9 */,
				656799872451253E00D21976 /* Products */,
			);
			sourceTree = "<group>";
		};
		656799872451253E00D21976 /* Products */ = {
			isa = PBXGroup;
			children = (
				656799862451253E00D21976 /* a9.app */,
				6567999A2451254000D21976 /* a9Tests.xctest */,
				656799A52451254000D21976 /* a9UITests.xctest */,
			);
			name = Products;
			sourceTree = "<group>";
		};
		656799882451253E00D21976 /* a9 */ = {
			isa = PBXGroup;
			children = (
				656799892451253E00D21976 /* AppDelegate.swift */,
				6567998B2451253E00D21976 /* ViewController.swift */,
				6567998D2451253E00D21976 /* Main.storyboard */,
				656799902451254000D21976 /* Assets.xcassets */,
				656799922451254000D21976 /* LaunchScreen.storyboard */,
				656799952451254000D21976 /* Info.plist */,
				65F1A8EF245A493500CDCD4D /* CadastrarController.swift */,
				65F1A8F1245A4CAB00CDCD4D /* ListarController.swift */,
			);
			path = a9;
			sourceTree = "<group>";
		};
/* End PBXGroup section */

/* Begin PBXNativeTarget section */
		656799852451253E00D21976 /* a9 */ = {
			isa = PBXNativeTarget;
			buildConfigurationList = 656799AE2451254000D21976 /* Build configuration list for PBXNativeTarget "a9" */;
			buildPhases = (
				656799822451253E00D21976 /* Sources */,
				656799832451253E00D21976 /* Frameworks */,
				656799842451253E00D21976 /* Resources */,
			);
			buildRules = (
			);
			dependencies = (
			);
			name = a9;
			productName = A7;
			productReference = 656799862451253E00D21976 /* a9.app */;
			productType = "com.apple.product-type.application";
		};
		656799992451254000D21976 /* a9Tests */ = {
			isa = PBXNativeTarget;
			buildConfigurationList = 656799B12451254000D21976 /* Build configuration list for PBXNativeTarget "a9Tests" */;
			buildPhases = (
				656799962451254000D21976 /* Sources */,
				656799972451254000D21976 /* Frameworks */,
				656799982451254000D21976 /* Resources */,
			);
			buildRules = (
			);
			dependencies = (
				6567999C2451254000D21976 /* PBXTargetDependency */,
			);
			name = a9Tests;
			productName = A7Tests;
			productReference = 6567999A2451254000D21976 /* a9Tests.xctest */;
			productType = "com.apple.product-type.bundle.unit-test";
		};
		656799A42451254000D21976 /* a9UITests */ = {
			isa = PBXNativeTarget;
			buildConfigurationList = 656799B42451254000D21976 /* Build configuration list for PBXNativeTarget "a9UITests" */;
			buildPhases = (
				656799A12451254000D21976 /* Sources */,
				656799A22451254000D21976 /* Frameworks */,
				656799A32451254000D21976 /* Resources */,
			);
			buildRules = (
			);
			dependencies = (
				656799A72451254000D21976 /* PBXTargetDependency */,
			);
			name = a9UITests;
			productName = A7UITests;
			productReference = 656799A52451254000D21976 /* a9UITests.xctest */;
			productType = "com.apple.product-type.bundle.ui-testing";
		};
/* End PBXNativeTarget section */

/* Begin PBXProject section */
		6567997E2451253E00D21976 /* Project object */ = {
			isa = PBXProject;
			attributes = {
				LastSwiftUpdateCheck = 0940;
				LastUpgradeCheck = 0940;
				ORGANIZATIONNAME = "Daniel dos Santos";
				TargetAttributes = {
					656799852451253E00D21976 = {
						CreatedOnToolsVersion = 9.4.1;
					};
					656799992451254000D21976 = {
						CreatedOnToolsVersion = 9.4.1;
						TestTargetID = 656799852451253E00D21976;
					};
					656799A42451254000D21976 = {
						CreatedOnToolsVersion = 9.4.1;
						TestTargetID = 656799852451253E00D21976;
					};
				};
			};
			buildConfigurationList = 656799812451253E00D21976 /* Build configuration list for PBXProject "a9" */;
			compatibilityVersion = "Xcode 9.3";
			developmentRegion = en;
			hasScannedForEncodings = 0;
			knownRegions = (
				en,
				Base,
			);
			mainGroup = 6567997D2451253E00D21976;
			productRefGroup = 656799872451253E00D21976 /* Products */;
			projectDirPath = "";
			projectRoot = "";
			targets = (
				656799852451253E00D21976 /* a9 */,
				656799992451254000D21976 /* a9Tests */,
				656799A42451254000D21976 /* a9UITests */,
			);
		};
/* End PBXProject section */

/* Begin PBXResourcesBuildPhase section */
		656799842451253E00D21976 /* Resources */ = {
			isa = PBXResourcesBuildPhase;
			buildActionMask = 2147483647;
			files = (
				656799942451254000D21976 /* LaunchScreen.storyboard in Resources */,
				656799912451254000D21976 /* Assets.xcassets in Resources */,
				6567998F2451253E00D21976 /* Main.storyboard in Resources */,
			);
			runOnlyForDeploymentPostprocessing = 0;
		};
		656799982451254000D21976 /* Resources */ = {
			isa = PBXResourcesBuildPhase;
			buildActionMask = 2147483647;
			files = (
			);
			runOnlyForDeploymentPostprocessing = 0;
		};
		656799A32451254000D21976 /* Resources */ = {
			isa = PBXResourcesBuildPhase;
			buildActionMask = 2147483647;
			files = (
			);
			runOnlyForDeploymentPostprocessing = 0;
		};
/* End PBXResourcesBuildPhase section */

/* Begin PBXSourcesBuildPhase section */
		656799822451253E00D21976 /* Sources */ = {
			isa = PBXSourcesBuildPhase;
			buildActionMask = 2147483647;
			files = (
				65F1A8F2245A4CAB00CDCD4D /* ListarController.swift in Sources */,
				6567998C2451253E00D21976 /* ViewController.swift in Sources */,
				65F1A8F0245A493500CDCD4D /* CadastrarController.swift in Sources */,
				6567998A2451253E00D21976 /* AppDelegate.swift in Sources */,
			);
			runOnlyForDeploymentPostprocessing = 0;
		};
		656799962451254000D21976 /* Sources */ = {
			isa = PBXSourcesBuildPhase;
			buildActionMask = 2147483647;
			files = (
			);
			runOnlyForDeploymentPostprocessing = 0;
		};
		656799A12451254000D21976 /* Sources */ = {
			isa = PBXSourcesBuildPhase;
			buildActionMask = 2147483647;
			files = (
			);
			runOnlyForDeploymentPostprocessing = 0;
		};
/* End PBXSourcesBuildPhase section */

/* Begin PBXTargetDependency section */
		6567999C2451254000D21976 /* PBXTargetDependency */ = {
			isa = PBXTargetDependency;
			target = 656799852451253E00D21976 /* a9 */;
			targetProxy = 6567999B2451254000D21976 /* PBXContainerItemProxy */;
		};
		656799A72451254000D21976 /* PBXTargetDependency */ = {
			isa = PBXTargetDependency;
			target = 656799852451253E00D21976 /* a9 */;
			targetProxy = 656799A62451254000D21976 /* PBXContainerItemProxy */;
		};
/* End PBXTargetDependency section */

/* Begin PBXVariantGroup section */
		6567998D2451253E00D21976 /* Main.storyboard */ = {
			isa = PBXVariantGroup;
			children = (
				6567998E2451253E00D21976 /* Base */,
			);
			name = Main.storyboard;
			sourceTree = "<group>";
		};
		656799922451254000D21976 /* LaunchScreen.storyboard */ = {
			isa = PBXVariantGroup;
			children = (
				656799932451254000D21976 /* Base */,
			);
			name = LaunchScreen.storyboard;
			sourceTree = "<group>";
		};
/* End PBXVariantGroup section */

/* Begin XCBuildConfiguration section */
		656799AC2451254000D21976 /* Debug */ = {
			isa = XCBuildConfiguration;
			buildSettings = {
				ALWAYS_SEARCH_USER_PATHS = NO;
				CLANG_ANALYZER_NONNULL = YES;
				CLANG_ANALYZER_NUMBER_OBJECT_CONVERSION = YES_AGGRESSIVE;
				CLANG_CXX_LANGUAGE_STANDARD = "gnu++14";
				CLANG_CXX_LIBRARY = "libc++";
				CLANG_ENABLE_MODULES = YES;
				CLANG_ENABLE_OBJC_ARC = YES;
				CLANG_ENABLE_OBJC_WEAK = YES;
				CLANG_WARN_BLOCK_CAPTURE_AUTORELEASING = YES;
				CLANG_WARN_BOOL_CONVERSION = YES;
				CLANG_WARN_COMMA = YES;
				CLANG_WARN_CONSTANT_CONVERSION = YES;
				CLANG_WARN_DEPRECATED_OBJC_IMPLEMENTATIONS = YES;
				CLANG_WARN_DIRECT_OBJC_ISA_USAGE = YES_ERROR;
				CLANG_WARN_DOCUMENTATION_COMMENTS = YES;
				CLANG_WARN_EMPTY_BODY = YES;
				CLANG_WARN_ENUM_CONVERSION = YES;
				CLANG_WARN_INFINITE_RECURSION = YES;
				CLANG_WARN_INT_CONVERSION = YES;
				CLANG_WARN_NON_LITERAL_NULL_CONVERSION = YES;
				CLANG_WARN_OBJC_IMPLICIT_RETAIN_SELF = YES;
				CLANG_WARN_OBJC_LITERAL_CONVERSION = YES;
				CLANG_WARN_OBJC_ROOT_CLASS = YES_ERROR;
				CLANG_WARN_RANGE_LOOP_ANALYSIS = YES;
				CLANG_WARN_STRICT_PROTOTYPES = YES;
				CLANG_WARN_SUSPICIOUS_MOVE = YES;
				CLANG_WARN_UNGUARDED_AVAILABILITY = YES_AGGRESSIVE;
				CLANG_WARN_UNREACHABLE_CODE = YES;
				CLANG_WARN__DUPLICATE_METHOD_MATCH = YES;
				CODE_SIGN_IDENTITY = "iPhone Developer";
				COPY_PHASE_STRIP = NO;
				DEBUG_INFORMATION_FORMAT = dwarf;
				ENABLE_STRICT_OBJC_MSGSEND = YES;
				ENABLE_TESTABILITY = YES;
				GCC_C_LANGUAGE_STANDARD = gnu11;
				GCC_DYNAMIC_NO_PIC = NO;
				GCC_NO_COMMON_BLOCKS = YES;
				GCC_OPTIMIZATION_LEVEL = 0;
				GCC_PREPROCESSOR_DEFINITIONS = (
					"DEBUG=1",
					"$(inherited)",
				);
				GCC_WARN_64_TO_32_BIT_CONVERSION = YES;
				GCC_WARN_ABOUT_RETURN_TYPE = YES_ERROR;
				GCC_WARN_UNDECLARED_SELECTOR = YES;
				GCC_WARN_UNINITIALIZED_AUTOS = YES_AGGRESSIVE;
				GCC_WARN_UNUSED_FUNCTION = YES;
				GCC_WARN_UNUSED_VARIABLE = YES;
				IPHONEOS_DEPLOYMENT_TARGET = 11.4;
				MTL_ENABLE_DEBUG_INFO = YES;
				ONLY_ACTIVE_ARCH = YES;
				SDKROOT = iphoneos;
				SWIFT_ACTIVE_COMPILATION_CONDITIONS = DEBUG;
				SWIFT_OPTIMIZATION_LEVEL = "-Onone";
			};
			name = Debug;
		};
		656799AD2451254000D21976 /* Release */ = {
			isa = XCBuildConfiguration;
			buildSettings = {
				ALWAYS_SEARCH_USER_PATHS = NO;
				CLANG_ANALYZER_NONNULL = YES;
				CLANG_ANALYZER_NUMBER_OBJECT_CONVERSION = YES_AGGRESSIVE;
				CLANG_CXX_LANGUAGE_STANDARD = "gnu++14";
				CLANG_CXX_LIBRARY = "libc++";
				CLANG_ENABLE_MODULES = YES;
				CLANG_ENABLE_OBJC_ARC = YES;
				CLANG_ENABLE_OBJC_WEAK = YES;
				CLANG_WARN_BLOCK_CAPTURE_AUTORELEASING = YES;
				CLANG_WARN_BOOL_CONVERSION = YES;
				CLANG_WARN_COMMA = YES;
				CLANG_WARN_CONSTANT_CONVERSION = YES;
				CLANG_WARN_DEPRECATED_OBJC_IMPLEMENTATIONS = YES;
				CLANG_WARN_DIRECT_OBJC_ISA_USAGE = YES_ERROR;
				CLANG_WARN_DOCUMENTATION_COMMENTS = YES;
				CLANG_WARN_EMPTY_BODY = YES;
				CLANG_WARN_ENUM_CONVERSION = YES;
				CLANG_WARN_INFINITE_RECURSION = YES;
				CLANG_WARN_INT_CONVERSION = YES;
				CLANG_WARN_NON_LITERAL_NULL_CONVERSION = YES;
				CLANG_WARN_OBJC_IMPLICIT_RETAIN_SELF = YES;
				CLANG_WARN_OBJC_LITERAL_CONVERSION = YES;
				CLANG_WARN_OBJC_ROOT_CLASS = YES_ERROR;
				CLANG_WARN_RANGE_LOOP_ANALYSIS = YES;
				CLANG_WARN_STRICT_PROTOTYPES = YES;
				CLANG_WARN_SUSPICIOUS_MOVE = YES;
				CLANG_WARN_UNGUARDED_AVAILABILITY = YES_AGGRESSIVE;
				CLANG_WARN_UNREACHABLE_CODE = YES;
				CLANG_WARN__DUPLICATE_METHOD_MATCH = YES;
				CODE_SIGN_IDENTITY = "iPhone Developer";
				COPY_PHASE_STRIP = NO;
				DEBUG_INFORMATION_FORMAT = "dwarf-with-dsym";
				ENABLE_NS_ASSERTIONS = NO;
				ENABLE_STRICT_OBJC_MSGSEND = YES;
				GCC_C_LANGUAGE_STANDARD = gnu11;
				GCC_NO_COMMON_BLOCKS = YES;
				GCC_WARN_64_TO_32_BIT_CONVERSION = YES;
				GCC_WARN_ABOUT_RETURN_TYPE = YES_ERROR;
				GCC_WARN_UNDECLARED_SELECTOR = YES;
				GCC_WARN_UNINITIALIZED_AUTOS = YES_AGGRESSIVE;
				GCC_WARN_UNUSED_FUNCTION = YES;
				GCC_WARN_UNUSED_VARIABLE = YES;
				IPHONEOS_DEPLOYMENT_TARGET = 11.4;
				MTL_ENABLE_DEBUG_INFO = NO;
				SDKROOT = iphoneos;
				SWIFT_COMPILATION_MODE = wholemodule;
				SWIFT_OPTIMIZATION_LEVEL = "-O";
				VALIDATE_PRODUCT = YES;
			};
			name = Release;
		};
		656799AF2451254000D21976 /* Debug */ = {
			isa = XCBuildConfiguration;
			buildSettings = {
				ASSETCATALOG_COMPILER_APPICON_NAME = AppIcon;
				CODE_SIGN_IDENTITY = "Apple Development";
				CODE_SIGN_STYLE = Automatic;
				DEVELOPMENT_TEAM = 5XPW58BGHB;
				INFOPLIST_FILE = a9/Info.plist;
				LD_RUNPATH_SEARCH_PATHS = (
					"$(inherited)",
					"@executable_path/Frameworks",
				);
				PRODUCT_BUNDLE_IDENTIFIER = teste.a9;
				PRODUCT_NAME = "$(TARGET_NAME)";
				PROVISIONING_PROFILE_SPECIFIER = "";
				SWIFT_VERSION = 4.0;
				TARGETED_DEVICE_FAMILY = "1,2";
			};
			name = Debug;
		};
		656799B02451254000D21976 /* Release */ = {
			isa = XCBuildConfiguration;
			buildSettings = {
				ASSETCATALOG_COMPILER_APPICON_NAME = AppIcon;
				CODE_SIGN_IDENTITY = "Apple Development";
				CODE_SIGN_STYLE = Automatic;
				DEVELOPMENT_TEAM = 5XPW58BGHB;
				INFOPLIST_FILE = a9/Info.plist;
				LD_RUNPATH_SEARCH_PATHS = (
					"$(inherited)",
					"@executable_path/Frameworks",
				);
				PRODUCT_BUNDLE_IDENTIFIER = teste.a9;
				PRODUCT_NAME = "$(TARGET_NAME)";
				PROVISIONING_PROFILE_SPECIFIER = "";
				SWIFT_VERSION = 4.0;
				TARGETED_DEVICE_FAMILY = "1,2";
			};
			name = Release;
		};
		656799B22451254000D21976 /* Debug */ = {
			isa = XCBuildConfiguration;
			buildSettings = {
				ALWAYS_EMBED_SWIFT_STANDARD_LIBRARIES = YES;
				BUNDLE_LOADER = "$(TEST_HOST)";
				CODE_SIGN_STYLE = Automatic;
				INFOPLIST_FILE = A7Tests/Info.plist;
				LD_RUNPATH_SEARCH_PATHS = (
					"$(inherited)",
					"@executable_path/Frameworks",
					"@loader_path/Frameworks",
				);
				PRODUCT_BUNDLE_IDENTIFIER = teste.A7Tests;
				PRODUCT_NAME = "$(TARGET_NAME)";
				SWIFT_VERSION = 4.0;
				TARGETED_DEVICE_FAMILY = "1,2";
				TEST_HOST = "$(BUILT_PRODUCTS_DIR)/a9.app/a9";
			};
			name = Debug;
		};
		656799B32451254000D21976 /* Release */ = {
			isa = XCBuildConfiguration;
			buildSettings = {
				ALWAYS_EMBED_SWIFT_STANDARD_LIBRARIES = YES;
				BUNDLE_LOADER = "$(TEST_HOST)";
				CODE_SIGN_STYLE = Automatic;
				INFOPLIST_FILE = A7Tests/Info.plist;
				LD_RUNPATH_SEARCH_PATHS = (
					"$(inherited)",
					"@executable_path/Frameworks",
					"@loader_path/Frameworks",
				);
				PRODUCT_BUNDLE_IDENTIFIER = teste.A7Tests;
				PRODUCT_NAME = "$(TARGET_NAME)";
				SWIFT_VERSION = 4.0;
				TARGETED_DEVICE_FAMILY = "1,2";
				TEST_HOST = "$(BUILT_PRODUCTS_DIR)/a9.app/a9";
			};
			name = Release;
		};
		656799B52451254000D21976 /* Debug */ = {
			isa = XCBuildConfiguration;
			buildSettings = {
				ALWAYS_EMBED_SWIFT_STANDARD_LIBRARIES = YES;
				CODE_SIGN_STYLE = Automatic;
				INFOPLIST_FILE = A7UITests/Info.plist;
				LD_RUNPATH_SEARCH_PATHS = (
					"$(inherited)",
					"@executable_path/Frameworks",
					"@loader_path/Frameworks",
				);
				PRODUCT_BUNDLE_IDENTIFIER = teste.A7UITests;
				PRODUCT_NAME = "$(TARGET_NAME)";
				SWIFT_VERSION = 4.0;
				TARGETED_DEVICE_FAMILY = "1,2";
				TEST_TARGET_NAME = A7;
			};
			name = Debug;
		};
		656799B62451254000D21976 /* Release */ = {
			isa = XCBuildConfiguration;
			buildSettings = {
				ALWAYS_EMBED_SWIFT_STANDARD_LIBRARIES = YES;
				CODE_SIGN_STYLE = Automatic;
				INFOPLIST_FILE = A7UITests/Info.plist;
				LD_RUNPATH_SEARCH_PATHS = (
					"$(inherited)",
					"@executable_path/Frameworks",
					"@loader_path/Frameworks",
				);
				PRODUCT_BUNDLE_IDENTIFIER = teste.A7UITests;
				PRODUCT_NAME = "$(TARGET_NAME)";
				SWIFT_VERSION = 4.0;
				TARGETED_DEVICE_FAMILY = "1,2";
				TEST_TARGET_NAME = A7;
			};
			name = Release;
		};
/* End XCBuildConfiguration section */

/* Begin XCConfigurationList section */
		656799812451253E00D21976 /* Build configuration list for PBXProject "a9" */ = {
			isa = XCConfigurationList;
			buildConfigurations = (
				656799AC2451254000D21976 /* Debug */,
				656799AD2451254000D21976 /* Release */,
			);
			defaultConfigurationIsVisible = 0;
			defaultConfigurationName = Release;
		};
		656799AE2451254000D21976 /* Build configuration list for PBXNativeTarget "a9" */ = {
			isa = XCConfigurationList;
			buildConfigurations = (
				656799AF2451254000D21976 /* Debug */,
				656799B02451254000D21976 /* Release */,
			);
			defaultConfigurationIsVisible = 0;
			defaultConfigurationName = Release;
		};
		656799B12451254000D21976 /* Build configuration list for PBXNativeTarget "a9Tests" */ = {
			isa = XCConfigurationList;
			buildConfigurations = (
				656799B22451254000D21976 /* Debug */,
				656799B32451254000D21976 /* Release */,
			);
			defaultConfigurationIsVisible = 0;
			defaultConfigurationName = Release;
		};
		656799B42451254000D21976 /* Build configuration list for PBXNativeTarget "a9UITests" */ = {
			isa = XCConfigurationList;
			buildConfigurations = (
				656799B52451254000D21976 /* Debug */,
				656799B62451254000D21976 /* Release */,
			);
			defaultConfigurationIsVisible = 0;
			defaultConfigurationName = Release;
		};
/* End XCConfigurationList section */
	};
	rootObject = 6567997E2451253E00D21976 /* Project object */;
}
